
Microsoft Visual Studio Solution File, Format Version 12.00
# Visual Studio 2013
VisualStudioVersion = 12.0.31101.0
MinimumVisualStudioVersion = 10.0.40219.1
Project("{2150E333-8FDC-42A3-9474-1A3956D46DE8}") = "1. Accessing data", "1. Accessing data", "{B062E163-8CC8-4F94-8D2C-179701658CD4}"
EndProject
Project("{2150E333-8FDC-42A3-9474-1A3956D46DE8}") = "2. Querying and manipulating EF", "2. Querying and manipulating EF", "{B0CB1E71-3A99-45FE-9807-1D1483EED10D}"
EndProject
Project("{2150E333-8FDC-42A3-9474-1A3956D46DE8}") = "3. Designing and implementing WCF", "3. Designing and implementing WCF", "{936B8B96-B5DF-4E9B-BA83-0C079EC6A6DD}"
EndProject
Project("{2150E333-8FDC-42A3-9474-1A3956D46DE8}") = "4. Creating and consuming Web API", "4. Creating and consuming Web API", "{1C696021-C7BE-42AC-B368-9D2A291E550C}"
EndProject
Project("{2150E333-8FDC-42A3-9474-1A3956D46DE8}") = "5. Deploying web applications and services", "5. Deploying web applications and services", "{EA473A45-2412-4556-B253-B84C58DE3B78}"
EndProject
Project("{FAE04EC0-301F-11D3-BF4B-00C04F79EFBC}") = "AdoDotNetClient", "AdoDotNetClient\AdoDotNetClient.csproj", "{A6B68C3F-0E8C-4DE7-864B-4BEAF637C22D}"
EndProject
Project("{2150E333-8FDC-42A3-9474-1A3956D46DE8}") = "0. Shared", "0. Shared", "{C48826AD-D6BC-4808-8005-ECBF0F8ADAF5}"
EndProject
Global
	GlobalSection(SolutionConfigurationPlatforms) = preSolution
		Debug|Any CPU = Debug|Any CPU
		Release|Any CPU = Release|Any CPU
	EndGlobalSection
	GlobalSection(ProjectConfigurationPlatforms) = postSolution
		{A6B68C3F-0E8C-4DE7-864B-4BEAF637C22D}.Debug|Any CPU.ActiveCfg = Debug|Any CPU
		{A6B68C3F-0E8C-4DE7-864B-4BEAF637C22D}.Debug|Any CPU.Build.0 = Debug|Any CPU
		{A6B68C3F-0E8C-4DE7-864B-4BEAF637C22D}.Release|Any CPU.ActiveCfg = Release|Any CPU
		{A6B68C3F-0E8C-4DE7-864B-4BEAF637C22D}.Release|Any CPU.Build.0 = Release|Any CPU
	EndGlobalSection
	GlobalSection(SolutionProperties) = preSolution
		HideSolutionNode = FALSE
	EndGlobalSection
	GlobalSection(NestedProjects) = preSolution
		{A6B68C3F-0E8C-4DE7-864B-4BEAF637C22D} = {B062E163-8CC8-4F94-8D2C-179701658CD4}
	EndGlobalSection
EndGlobal
